
Microsoft Visual Studio Solution File, Format Version 12.00
# Visual Studio 15
VisualStudioVersion = 15.0.28307.1022
MinimumVisualStudioVersion = 10.0.40219.1
Project("{FAE04EC0-301F-11D3-BF4B-00C04F79EFBC}") = "UserRegistration", "UserRegistration\UserRegistration.csproj", "{8BC924E5-E020-4E22-AFCE-7D5BB584BF9B}"
EndProject
Global
	GlobalSection(SolutionConfigurationPlatforms) = preSolution
		Debug|Any CPU = Debug|Any CPU
		Release|Any CPU = Release|Any CPU
	EndGlobalSection
	GlobalSection(ProjectConfigurationPlatforms) = postSolution
		{8BC924E5-E020-4E22-AFCE-7D5BB584BF9B}.Debug|Any CPU.ActiveCfg = Debug|Any CPU
		{8BC924E5-E020-4E22-AFCE-7D5BB584BF9B}.Debug|Any CPU.Build.0 = Debug|Any CPU
		{8BC924E5-E020-4E22-AFCE-7D5BB584BF9B}.Release|Any CPU.ActiveCfg = Release|Any CPU
		{8BC924E5-E020-4E22-AFCE-7D5BB584BF9B}.Release|Any CPU.Build.0 = Release|Any CPU
	EndGlobalSection
	GlobalSection(SolutionProperties) = preSolution
		HideSolutionNode = FALSE
	EndGlobalSection
	GlobalSection(ExtensibilityGlobals) = postSolution
		SolutionGuid = {5013B723-FEAA-4178-970D-5E2F5C371011}
	EndGlobalSection
EndGlobal
